
Microsoft Visual Studio Solution File, Format Version 12.00
# Visual Studio Version 17
VisualStudioVersion = 17.3.32901.215
MinimumVisualStudioVersion = 10.0.40219.1
Project("{FAE04EC0-301F-11D3-BF4B-00C04F79EFBC}") = "Test.RabbitMQ.Gateway", "Test.RabbitMQ.Gateway\Test.RabbitMQ.Gateway.csproj", "{A89E4AE2-BC98-454A-B439-5B6DB6A2BF19}"
EndProject
Global
	GlobalSection(SolutionConfigurationPlatforms) = preSolution
		Debug|Any CPU = Debug|Any CPU
		Release|Any CPU = Release|Any CPU
	EndGlobalSection
	GlobalSection(ProjectConfigurationPlatforms) = postSolution
		{A89E4AE2-BC98-454A-B439-5B6DB6A2BF19}.Debug|Any CPU.ActiveCfg = Debug|Any CPU
		{A89E4AE2-BC98-454A-B439-5B6DB6A2BF19}.Debug|Any CPU.Build.0 = Debug|Any CPU
		{A89E4AE2-BC98-454A-B439-5B6DB6A2BF19}.Release|Any CPU.ActiveCfg = Release|Any CPU
		{A89E4AE2-BC98-454A-B439-5B6DB6A2BF19}.Release|Any CPU.Build.0 = Release|Any CPU
	EndGlobalSection
	GlobalSection(SolutionProperties) = preSolution
		HideSolutionNode = FALSE
	EndGlobalSection
	GlobalSection(ExtensibilityGlobals) = postSolution
		SolutionGuid = {4A42F366-2DBF-477E-AAC9-053E9843C6BD}
	EndGlobalSection
EndGlobal
